
Microsoft Visual Studio Solution File, Format Version 12.00
# Visual Studio 15
VisualStudioVersion = 15.0.27130.2027
MinimumVisualStudioVersion = 10.0.40219.1
Project("{FAE04EC0-301F-11D3-BF4B-00C04F79EFBC}") = "marketingDB", "marketingDB\marketingDB.csproj", "{AA962DB1-EE38-4DB0-AE6E-B0FB8314C298}"
EndProject
Global
	GlobalSection(SolutionConfigurationPlatforms) = preSolution
		Debug|Any CPU = Debug|Any CPU
		Release|Any CPU = Release|Any CPU
	EndGlobalSection
	GlobalSection(ProjectConfigurationPlatforms) = postSolution
		{AA962DB1-EE38-4DB0-AE6E-B0FB8314C298}.Debug|Any CPU.ActiveCfg = Debug|Any CPU
		{AA962DB1-EE38-4DB0-AE6E-B0FB8314C298}.Debug|Any CPU.Build.0 = Debug|Any CPU
		{AA962DB1-EE38-4DB0-AE6E-B0FB8314C298}.Release|Any CPU.ActiveCfg = Release|Any CPU
		{AA962DB1-EE38-4DB0-AE6E-B0FB8314C298}.Release|Any CPU.Build.0 = Release|Any CPU
	EndGlobalSection
	GlobalSection(SolutionProperties) = preSolution
		HideSolutionNode = FALSE
	EndGlobalSection
	GlobalSection(ExtensibilityGlobals) = postSolution
		SolutionGuid = {00F72E6B-347C-4CBD-9B0C-BFB2F0CE7437}
	EndGlobalSection
EndGlobal
